# This lock file was generated by conda-lock (https://github.com/conda/conda-lock). DO NOT EDIT!
#
# A "lock file" contains a concrete list of package versions (with checksums) to be installed. Unlike
# e.g. `conda env create`, the resulting environment will not change as new package versions become
# available, unless you explicitly update the lock file.
#
# Install this environment as "YOURENV" with:
#     conda-lock install -n YOURENV --file conda-lock.yml
# To update a single package to the latest version compatible with the version constraints in the source:
#     conda-lock lock  --lockfile conda-lock.yml --update PACKAGE
# To re-solve the entire environment, e.g. after changing a version constraint in the source file:
#     conda-lock -f environment.yml --lockfile conda-lock.yml
version: 1
metadata:
  content_hash:
    osx-64: f5ce05356f84b93bb4a7ebad0a84b0f9ce36d63ef7a8f755394005e4c6698621
    linux-64: 4cc4fc3c096c472ad2c5eebf0b74388293e64b16bb49bb00df14747f1ee30e55
    win-64: 39357bacea8dea333df8e72d3b0ce2be8587c37afbf79878e4f9ef5bfe63b9a7
  channels:
  - url: conda-forge
    used_env_vars: []
  - url: defaults
    used_env_vars: []
  platforms:
  - osx-64
  - linux-64
  - win-64
  sources:
  - environment.yml
package:
- name: _libgcc_mutex
  version: '0.1'
  manager: conda
  platform: linux-64
  dependencies: {}
  url: https://conda.anaconda.org/conda-forge/linux-64/_libgcc_mutex-0.1-conda_forge.tar.bz2
  hash:
    md5: d7c89558ba9fa0495403155b64376d81
    sha256: fe51de6107f9edc7aa4f786a70f4a883943bc9d39b3bb7307c04c41410990726
  category: main
  optional: false
- name: ca-certificates
  version: 2023.5.7
  manager: conda
  platform: linux-64
  dependencies: {}
  url: https://conda.anaconda.org/conda-forge/linux-64/ca-certificates-2023.5.7-hbcca054_0.conda
  hash:
    md5: f5c65075fc34438d5b456c7f3f5ab695
    sha256: 0cf1bb3d0bfc5519b60af2c360fa4888fb838e1476b1e0f65b9dbc48b45c7345
  category: main
  optional: false
- name: ld_impl_linux-64
  version: '2.40'
  manager: conda
  platform: linux-64
  dependencies: {}
  url: https://conda.anaconda.org/conda-forge/linux-64/ld_impl_linux-64-2.40-h41732ed_0.conda
  hash:
    md5: 7aca3059a1729aa76c597603f10b0dd3
    sha256: f6cc89d887555912d6c61b295d398cff9ec982a3417d38025c45d5dd9b9e79cd
  category: main
  optional: false
- name: python_abi
  version: '3.11'
  manager: conda
  platform: linux-64
  dependencies: {}
  url: https://conda.anaconda.org/conda-forge/linux-64/python_abi-3.11-3_cp311.conda
  hash:
    md5: c2e2630ddb68cf52eec74dc7dfab20b5
    sha256: 2966a87dcb0b11fad28f9fe8216bfa4071115776b47ffc7547492fed176e1a1f
  category: main
  optional: false
- name: tzdata
  version: 2023c
  manager: conda
  platform: linux-64
  dependencies: {}
  url: https://conda.anaconda.org/conda-forge/noarch/tzdata-2023c-h71feb2d_0.conda
  hash:
    md5: 939e3e74d8be4dac89ce83b20de2492a
    sha256: 0449138224adfa125b220154408419ec37c06b0b49f63c5954724325903ecf55
  category: main
  optional: false
- name: libgomp
  version: 13.1.0
  manager: conda
  platform: linux-64
  dependencies:
    _libgcc_mutex: '0.1'
  url: https://conda.anaconda.org/conda-forge/linux-64/libgomp-13.1.0-he5830b7_0.conda
  hash:
    md5: 56ca14d57ac29a75d23a39eb3ee0ddeb
    sha256: 5d441d80b57f857ad305a65169a6b915d4fd6735cdc9e9bded35d493c91ef16d
  category: main
  optional: false
- name: _openmp_mutex
  version: '4.5'
  manager: conda
  platform: linux-64
  dependencies:
    _libgcc_mutex: '0.1'
    libgomp: '>=7.5.0'
  url: https://conda.anaconda.org/conda-forge/linux-64/_openmp_mutex-4.5-2_gnu.tar.bz2
  hash:
    md5: 73aaf86a425cc6e73fcf236a5a46396d
    sha256: fbe2c5e56a653bebb982eda4876a9178aedfc2b545f25d0ce9c4c0b508253d22
  category: main
  optional: false
- name: libgcc-ng
  version: 13.1.0
  manager: conda
  platform: linux-64
  dependencies:
    _libgcc_mutex: '0.1'
    _openmp_mutex: '>=4.5'
  url: https://conda.anaconda.org/conda-forge/linux-64/libgcc-ng-13.1.0-he5830b7_0.conda
  hash:
    md5: cd93f779ff018dd85c7544c015c9db3c
    sha256: fba897a02f35b2b5e6edc43a746d1fa6970a77b422f258246316110af8966911
  category: main
  optional: false
- name: bzip2
  version: 1.0.8
  manager: conda
  platform: linux-64
  dependencies:
    libgcc-ng: '>=9.3.0'
  url: https://conda.anaconda.org/conda-forge/linux-64/bzip2-1.0.8-h7f98852_4.tar.bz2
  hash:
    md5: a1fd65c7ccbf10880423d82bca54eb54
    sha256: cb521319804640ff2ad6a9f118d972ed76d86bea44e5626c09a13d38f562e1fa
  category: main
  optional: false
- name: libexpat
  version: 2.5.0
  manager: conda
  platform: linux-64
  dependencies:
    libgcc-ng: '>=12'
  url: https://conda.anaconda.org/conda-forge/linux-64/libexpat-2.5.0-hcb278e6_1.conda
  hash:
    md5: 6305a3dd2752c76335295da4e581f2fd
    sha256: 74c98a563777ae2ad71f1f74d458a8ab043cee4a513467c159ccf159d0e461f3
  category: main
  optional: false
- name: libffi
  version: 3.4.2
  manager: conda
  platform: linux-64
  dependencies:
    libgcc-ng: '>=9.4.0'
  url: https://conda.anaconda.org/conda-forge/linux-64/libffi-3.4.2-h7f98852_5.tar.bz2
  hash:
    md5: d645c6d2ac96843a2bfaccd2d62b3ac3
    sha256: ab6e9856c21709b7b517e940ae7028ae0737546122f83c2aa5d692860c3b149e
  category: main
  optional: false
- name: libnsl
  version: 2.0.0
  manager: conda
  platform: linux-64
  dependencies:
    libgcc-ng: '>=9.4.0'
  url: https://conda.anaconda.org/conda-forge/linux-64/libnsl-2.0.0-h7f98852_0.tar.bz2
  hash:
    md5: 39b1328babf85c7c3a61636d9cd50206
    sha256: 32f4fb94d99946b0dabfbbfd442b25852baf909637f2eed1ffe3baea15d02aad
  category: main
  optional: false
- name: libuuid
  version: 2.38.1
  manager: conda
  platform: linux-64
  dependencies:
    libgcc-ng: '>=12'
  url: https://conda.anaconda.org/conda-forge/linux-64/libuuid-2.38.1-h0b41bf4_0.conda
  hash:
    md5: 40b61aab5c7ba9ff276c41cfffe6b80b
    sha256: 787eb542f055a2b3de553614b25f09eefb0a0931b0c87dbcce6efdfd92f04f18
  category: main
  optional: false
- name: libzlib
  version: 1.2.13
  manager: conda
  platform: linux-64
  dependencies:
    libgcc-ng: '>=12'
  url: https://conda.anaconda.org/conda-forge/linux-64/libzlib-1.2.13-hd590300_5.conda
  hash:
    md5: f36c115f1ee199da648e0597ec2047ad
    sha256: 370c7c5893b737596fd6ca0d9190c9715d89d888b8c88537ae1ef168c25e82e4
  category: main
  optional: false
- name: ncurses
  version: '6.4'
  manager: conda
  platform: linux-64
  dependencies:
    libgcc-ng: '>=12'
  url: https://conda.anaconda.org/conda-forge/linux-64/ncurses-6.4-hcb278e6_0.conda
  hash:
    md5: 681105bccc2a3f7f1a837d47d39c9179
    sha256: ccf61e61d58a8a7b2d66822d5568e2dc9387883dd9b2da61e1d787ece4c4979a
  category: main
  optional: false
- name: openssl
  version: 3.1.1
  manager: conda
  platform: linux-64
  dependencies:
    ca-certificates: ''
    libgcc-ng: '>=12'
  url: https://conda.anaconda.org/conda-forge/linux-64/openssl-3.1.1-hd590300_1.conda
  hash:
    md5: 2e1d7b458ac8f1e3ca4e18b77add6277
    sha256: 407d655643389bdb49266842a816815c981ae98f3513a6a2059b908b3abb380a
  category: main
  optional: false
- name: xz
  version: 5.2.6
  manager: conda
  platform: linux-64
  dependencies:
    libgcc-ng: '>=12'
  url: https://conda.anaconda.org/conda-forge/linux-64/xz-5.2.6-h166bdaf_0.tar.bz2
  hash:
    md5: 2161070d867d1b1204ea749c8eec4ef0
    sha256: 03a6d28ded42af8a347345f82f3eebdd6807a08526d47899a42d62d319609162
  category: main
  optional: false
- name: libsqlite
  version: 3.42.0
  manager: conda
  platform: linux-64
  dependencies:
    libgcc-ng: '>=12'
    libzlib: '>=1.2.13,<1.3.0a0'
  url: https://conda.anaconda.org/conda-forge/linux-64/libsqlite-3.42.0-h2797004_0.conda
  hash:
    md5: fdaae20a1cf7cd62130a0973190a31b7
    sha256: 72e958870f49174ebc0ddcd4129e9a9f48de815f20aa3b553f136b514f29bb3a
  category: main
  optional: false
- name: readline
  version: '8.2'
  manager: conda
  platform: linux-64
  dependencies:
    libgcc-ng: '>=12'
    ncurses: '>=6.3,<7.0a0'
  url: https://conda.anaconda.org/conda-forge/linux-64/readline-8.2-h8228510_1.conda
  hash:
    md5: 47d31b792659ce70f470b5c82fdfb7a4
    sha256: 5435cf39d039387fbdc977b0a762357ea909a7694d9528ab40f005e9208744d7
  category: main
  optional: false
- name: tk
  version: 8.6.12
  manager: conda
  platform: linux-64
  dependencies:
    libgcc-ng: '>=9.4.0'
    libzlib: '>=1.2.11,<1.3.0a0'
  url: https://conda.anaconda.org/conda-forge/linux-64/tk-8.6.12-h27826a3_0.tar.bz2
  hash:
    md5: 5b8c42eb62e9fc961af70bdd6a26e168
    sha256: 032fd769aad9d4cad40ba261ab222675acb7ec951a8832455fce18ef33fa8df0
  category: main
  optional: false
- name: python
  version: 3.11.4
  manager: conda
  platform: linux-64
  dependencies:
    bzip2: '>=1.0.8,<2.0a0'
    ld_impl_linux-64: '>=2.36.1'
    libexpat: '>=2.5.0,<3.0a0'
    libffi: '>=3.4,<4.0a0'
    libgcc-ng: '>=12'
    libnsl: '>=2.0.0,<2.1.0a0'
    libsqlite: '>=3.42.0,<4.0a0'
    libuuid: '>=2.38.1,<3.0a0'
    libzlib: '>=1.2.13,<1.3.0a0'
    ncurses: '>=6.4,<7.0a0'
    openssl: '>=3.1.1,<4.0a0'
    readline: '>=8.2,<9.0a0'
    tk: '>=8.6.12,<8.7.0a0'
    tzdata: ''
    xz: '>=5.2.6,<6.0a0'
    pip: ''
  url: https://conda.anaconda.org/conda-forge/linux-64/python-3.11.4-hab00c5b_0_cpython.conda
  hash:
    md5: 1c628861a2a126b9fc9363ca1b7d014e
    sha256: 04422f10d5bcb251fd254d6a9b0659dcde55e900d48cca159cb1fef637b0050c
  category: main
  optional: false
- name: attrs
  version: 23.1.0
  manager: conda
  platform: linux-64
  dependencies:
    python: '>=3.7'
  url: https://conda.anaconda.org/conda-forge/noarch/attrs-23.1.0-pyh71513ae_1.conda
  hash:
    md5: 3edfead7cedd1ab4400a6c588f3e75f8
    sha256: 063639cd568f5c7a557b0fb1cc27f098598c0d8ff869088bfeb82934674f8821
  category: main
  optional: false
- name: backports.zoneinfo
  version: 0.2.1
  manager: conda
  platform: linux-64
  dependencies:
    python: '>=3.11,<3.12.0a0'
    python_abi: 3.11.*
  url: https://conda.anaconda.org/conda-forge/linux-64/backports.zoneinfo-0.2.1-py311h38be061_7.tar.bz2
  hash:
    md5: ec62b3c5b953cb610f5e2b09cd776caf
    sha256: 0769c3f9c1bb542069eac84393257057ca2893238c928805f412e6787d7a3dba
  category: main
  optional: false
- name: click
  version: 8.1.4
  manager: conda
  platform: linux-64
  dependencies:
    __unix: ''
    python: '>=3.8'
  url: https://conda.anaconda.org/conda-forge/noarch/click-8.1.4-unix_pyh707e725_0.conda
  hash:
    md5: fcae73fbdce7981fd500c626bb1ba6ab
    sha256: 63f2b103488ba80b274f25bade66394fdd02344024fce45ab44e45861931c61d
  category: main
  optional: false
- name: colorama
  version: 0.4.6
  manager: conda
  platform: linux-64
  dependencies:
    python: '>=3.7'
  url: https://conda.anaconda.org/conda-forge/noarch/colorama-0.4.6-pyhd8ed1ab_0.tar.bz2
  hash:
    md5: 3faab06a954c2a04039983f2c4a50d99
    sha256: 2c1b2e9755ce3102bca8d69e8f26e4f087ece73f50418186aee7c74bef8e1698
  category: main
  optional: false
- name: exceptiongroup
  version: 1.1.2
  manager: conda
  platform: linux-64
  dependencies:
    python: '>=3.7'
  url: https://conda.anaconda.org/conda-forge/noarch/exceptiongroup-1.1.2-pyhd8ed1ab_0.conda
  hash:
    md5: de4cb3384374e1411f0454edcf546cdb
    sha256: 7b23ea0169fa6e7c3a0867d96d9eacd312759f83e5d83ad0fcc93e85379c16ae
  category: main
  optional: false
- name: iniconfig
  version: 2.0.0
  manager: conda
  platform: linux-64
  dependencies:
    python: '>=3.7'
  url: https://conda.anaconda.org/conda-forge/noarch/iniconfig-2.0.0-pyhd8ed1ab_0.conda
  hash:
    md5: f800d2da156d08e289b14e87e43c1ae5
    sha256: 38740c939b668b36a50ef455b077e8015b8c9cf89860d421b3fff86048f49666
  category: main
  optional: false
- name: packaging
  version: '23.1'
  manager: conda
  platform: linux-64
  dependencies:
    python: '>=3.7'
  url: https://conda.anaconda.org/conda-forge/noarch/packaging-23.1-pyhd8ed1ab_0.conda
  hash:
    md5: 91cda59e66e1e4afe9476f8ef98f5c30
    sha256: ded536a96a00d45a693dbc2971bb688248324dadd129eddda2100e177583d768
  category: main
  optional: false
- name: pluggy
  version: 1.2.0
  manager: conda
  platform: linux-64
  dependencies:
    python: '>=3.8'
  url: https://conda.anaconda.org/conda-forge/noarch/pluggy-1.2.0-pyhd8ed1ab_0.conda
  hash:
    md5: 7263924c642d22e311d9e59b839f1b33
    sha256: ff1f70e0bd50693be7e2bad0efb2539f5dcc5ec4d638e787e703f28098e72de4
  category: main
  optional: false
- name: setuptools
  version: 68.0.0
  manager: conda
  platform: linux-64
  dependencies:
    python: '>=3.7'
  url: https://conda.anaconda.org/conda-forge/noarch/setuptools-68.0.0-pyhd8ed1ab_0.conda
  hash:
    md5: 5a7739d0f57ee64133c9d32e6507c46d
    sha256: 083a0913f5b56644051f31ac40b4eeea762a88c00aa12437817191b85a753cec
  category: main
  optional: false
- name: sortedcontainers
  version: 2.4.0
  manager: conda
  platform: linux-64
  dependencies:
    python: '>=2.7'
  url: https://conda.anaconda.org/conda-forge/noarch/sortedcontainers-2.4.0-pyhd8ed1ab_0.tar.bz2
  hash:
    md5: 6d6552722448103793743dabfbda532d
    sha256: 0cea408397d50c2afb2d25e987ebac4546ae11e549d65b1403d80dc368dfaaa6
  category: main
  optional: false
- name: tomli
  version: 2.0.1
  manager: conda
  platform: linux-64
  dependencies:
    python: '>=3.7'
  url: https://conda.anaconda.org/conda-forge/noarch/tomli-2.0.1-pyhd8ed1ab_0.tar.bz2
  hash:
    md5: 5844808ffab9ebdb694585b50ba02a96
    sha256: 4cd48aba7cd026d17e86886af48d0d2ebc67ed36f87f6534f4b67138f5a5a58f
  category: main
  optional: false
- name: wheel
  version: 0.40.0
  manager: conda
  platform: linux-64
  dependencies:
    python: '>=3.7'
  url: https://conda.anaconda.org/conda-forge/noarch/wheel-0.40.0-pyhd8ed1ab_0.conda
  hash:
    md5: 49bb0d9e60ce1db25e151780331bb5f3
    sha256: 79b4d29b0c004014a2abd5fc2c9fcd35cc6256222b960c2a317a27c4b0d8884d
  category: main
  optional: false
- name: hypothesis
  version: 6.80.1
  manager: conda
  platform: linux-64
  dependencies:
    attrs: '>=19.2.0'
    backports.zoneinfo: '>=0.2.1'
    click: '>=7.0'
    exceptiongroup: '>=1.0.0rc8'
    python: '>=3.8'
    setuptools: ''
    sortedcontainers: '>=2.1.0,<3.0.0'
  url: https://conda.anaconda.org/conda-forge/noarch/hypothesis-6.80.1-pyha770c72_0.conda
  hash:
    md5: 65bc5ef1f4089fb6239f42fe3acf30dc
    sha256: c47afd702fddb107849015846a75313ff8ec49cb450f6ed124af75395d657405
  category: main
  optional: false
- name: pip
  version: 23.1.2
  manager: conda
  platform: linux-64
  dependencies:
    python: '>=3.7'
    setuptools: ''
    wheel: ''
  url: https://conda.anaconda.org/conda-forge/noarch/pip-23.1.2-pyhd8ed1ab_0.conda
  hash:
    md5: 7288da0d36821349cf1126e8670292df
    sha256: 4fe1f47f6eac5b2635a622b6f985640bf835843c1d8d7ccbbae0f7d27cadec92
  category: main
  optional: false
- name: pytest
  version: 7.4.0
  manager: conda
  platform: linux-64
  dependencies:
    colorama: ''
    exceptiongroup: '>=1.0.0rc8'
    iniconfig: ''
    packaging: ''
    pluggy: '>=0.12,<2.0'
    python: '>=3.7'
    tomli: '>=1.0.0'
  url: https://conda.anaconda.org/conda-forge/noarch/pytest-7.4.0-pyhd8ed1ab_0.conda
  hash:
    md5: 3cfe9b9e958e7238a386933c75d190db
    sha256: 52b2eb4e8d0380d92d45643d0c9706725e691ce8404dab4c2db4aaf58e48a23c
  category: main
  optional: false
- name: bzip2
  version: 1.0.8
  manager: conda
  platform: osx-64
  dependencies: {}
  url: https://conda.anaconda.org/conda-forge/osx-64/bzip2-1.0.8-hc929b4f_4.tar.bz2
  hash:
    md5: 521b82c700a64bac7d8da27539422e91
    sha256: cde78ecb187e21e36f6d31cdc77d2538c9aa7703f0d7dd5e11de0753488be106
  category: main
  optional: false
- name: ca-certificates
  version: 2023.5.7
  manager: conda
  platform: osx-64
  dependencies: {}
  url: https://conda.anaconda.org/conda-forge/osx-64/ca-certificates-2023.5.7-h8857fd0_0.conda
  hash:
    md5: b704e4b79ba0d887c4870b7b09d6a4df
    sha256: a06c9c788de81da3a3868ac56781680cc1fc50a0b5a545d4453818975c141b2c
  category: main
  optional: false
- name: libexpat
  version: 2.5.0
  manager: conda
  platform: osx-64
  dependencies: {}
  url: https://conda.anaconda.org/conda-forge/osx-64/libexpat-2.5.0-hf0c8a7f_1.conda
  hash:
    md5: 6c81cb022780ee33435cca0127dd43c9
    sha256: 80024bd9f44d096c4cc07fb2bac76b5f1f7553390112dab3ad6acb16a05f0b96
  category: main
  optional: false
- name: libffi
  version: 3.4.2
  manager: conda
  platform: osx-64
  dependencies: {}
  url: https://conda.anaconda.org/conda-forge/osx-64/libffi-3.4.2-h0d85af4_5.tar.bz2
  hash:
    md5: ccb34fb14960ad8b125962d3d79b31a9
    sha256: 7a2d27a936ceee6942ea4d397f9c7d136f12549d86f7617e8b6bad51e01a941f
  category: main
  optional: false
- name: libzlib
  version: 1.2.13
  manager: conda
  platform: osx-64
  dependencies: {}
  url: https://conda.anaconda.org/conda-forge/osx-64/libzlib-1.2.13-h8a1eda9_5.conda
  hash:
    md5: 4a3ad23f6e16f99c04e166767193d700
    sha256: fc58ad7f47ffea10df1f2165369978fba0a1cc32594aad778f5eec725f334867
  category: main
  optional: false
- name: ncurses
  version: '6.4'
  manager: conda
  platform: osx-64
  dependencies: {}
  url: https://conda.anaconda.org/conda-forge/osx-64/ncurses-6.4-hf0c8a7f_0.conda
  hash:
    md5: c3dbae2411164d9b02c69090a9a91857
    sha256: 7841b1fce1ffb0bfb038f9687b92f04d64acab1f7cb96431972386ea98c7b2fd
  category: main
  optional: false
- name: python_abi
  version: '3.11'
  manager: conda
  platform: osx-64
  dependencies: {}
  url: https://conda.anaconda.org/conda-forge/osx-64/python_abi-3.11-3_cp311.conda
  hash:
    md5: 5e0a069a585445333868d2c6651c3b3f
    sha256: 145edb385d464227aca8ce963b9e22f5f36cacac9085eb38f574961ebc69684e
  category: main
  optional: false
- name: tzdata
  version: 2023c
  manager: conda
  platform: osx-64
  dependencies: {}
  url: https://conda.anaconda.org/conda-forge/noarch/tzdata-2023c-h71feb2d_0.conda
  hash:
    md5: 939e3e74d8be4dac89ce83b20de2492a
    sha256: 0449138224adfa125b220154408419ec37c06b0b49f63c5954724325903ecf55
  category: main
  optional: false
- name: xz
  version: 5.2.6
  manager: conda
  platform: osx-64
  dependencies: {}
  url: https://conda.anaconda.org/conda-forge/osx-64/xz-5.2.6-h775f41a_0.tar.bz2
  hash:
    md5: a72f9d4ea13d55d745ff1ed594747f10
    sha256: eb09823f34cc2dd663c0ec4ab13f246f45dcd52e5b8c47b9864361de5204a1c8
  category: main
  optional: false
- name: libsqlite
  version: 3.42.0
  manager: conda
  platform: osx-64
  dependencies:
    libzlib: '>=1.2.13,<1.3.0a0'
  url: https://conda.anaconda.org/conda-forge/osx-64/libsqlite-3.42.0-h58db7d2_0.conda
  hash:
    md5: a7d3b44b7b0c9901ac7813b7a0462893
    sha256: 182689f4b1a5ed638cd615c7774e1a9974842bc127c59173f1d25e31a8795eef
  category: main
  optional: false
- name: openssl
  version: 3.1.1
  manager: conda
  platform: osx-64
  dependencies:
    ca-certificates: ''
  url: https://conda.anaconda.org/conda-forge/osx-64/openssl-3.1.1-h8a1eda9_1.conda
  hash:
    md5: c7822d6ee74e34af1fd74365cfd18983
    sha256: 67855f92bf50f24cbbc44879864d7a040b1f351e95b599cfcf4cc49b2cc3fd08
  category: main
  optional: false
- name: readline
  version: '8.2'
  manager: conda
  platform: osx-64
  dependencies:
    ncurses: '>=6.3,<7.0a0'
  url: https://conda.anaconda.org/conda-forge/osx-64/readline-8.2-h9e318b2_1.conda
  hash:
    md5: f17f77f2acf4d344734bda76829ce14e
    sha256: 41e7d30a097d9b060037f0c6a2b1d4c4ae7e942c06c943d23f9d481548478568
  category: main
  optional: false
- name: tk
  version: 8.6.12
  manager: conda
  platform: osx-64
  dependencies:
    libzlib: '>=1.2.11,<1.3.0a0'
  url: https://conda.anaconda.org/conda-forge/osx-64/tk-8.6.12-h5dbffcc_0.tar.bz2
  hash:
    md5: 8e9480d9c47061db2ed1b4ecce519a7f
    sha256: 331aa1137a264fd9cc905f04f09a161c801fe504b93da08b4e6697bd7c9ae6a6
  category: main
  optional: false
- name: python
  version: 3.11.4
  manager: conda
  platform: osx-64
  dependencies:
    bzip2: '>=1.0.8,<2.0a0'
    libexpat: '>=2.5.0,<3.0a0'
    libffi: '>=3.4,<4.0a0'
    libsqlite: '>=3.42.0,<4.0a0'
    libzlib: '>=1.2.13,<1.3.0a0'
    ncurses: '>=6.4,<7.0a0'
    openssl: '>=3.1.1,<4.0a0'
    readline: '>=8.2,<9.0a0'
    tk: '>=8.6.12,<8.7.0a0'
    tzdata: ''
    xz: '>=5.2.6,<6.0a0'
    pip: ''
  url: https://conda.anaconda.org/conda-forge/osx-64/python-3.11.4-h30d4d87_0_cpython.conda
  hash:
    md5: e40b3075f85db0184d5f61d17c580ef7
    sha256: d2c00c7b1a616ad309afd864db6a7be33935710a68a7572509526495346655dc
  category: main
  optional: false
- name: attrs
  version: 23.1.0
  manager: conda
  platform: osx-64
  dependencies:
    python: '>=3.7'
  url: https://conda.anaconda.org/conda-forge/noarch/attrs-23.1.0-pyh71513ae_1.conda
  hash:
    md5: 3edfead7cedd1ab4400a6c588f3e75f8
    sha256: 063639cd568f5c7a557b0fb1cc27f098598c0d8ff869088bfeb82934674f8821
  category: main
  optional: false
- name: backports.zoneinfo
  version: 0.2.1
  manager: conda
  platform: osx-64
  dependencies:
    python: '>=3.11,<3.12.0a0'
    python_abi: 3.11.*
  url: https://conda.anaconda.org/conda-forge/osx-64/backports.zoneinfo-0.2.1-py311h6eed73b_7.tar.bz2
  hash:
    md5: 90baa768cca74edbbbf8b9d5b66a4ca2
    sha256: 577dc52cc5620981388c16a17dc37432a31b4b331f662d26d9b3f25f1d4c5205
  category: main
  optional: false
- name: click
  version: 8.1.4
  manager: conda
  platform: osx-64
  dependencies:
    __unix: ''
    python: '>=3.8'
  url: https://conda.anaconda.org/conda-forge/noarch/click-8.1.4-unix_pyh707e725_0.conda
  hash:
    md5: fcae73fbdce7981fd500c626bb1ba6ab
    sha256: 63f2b103488ba80b274f25bade66394fdd02344024fce45ab44e45861931c61d
  category: main
  optional: false
- name: colorama
  version: 0.4.6
  manager: conda
  platform: osx-64
  dependencies:
    python: '>=3.7'
  url: https://conda.anaconda.org/conda-forge/noarch/colorama-0.4.6-pyhd8ed1ab_0.tar.bz2
  hash:
    md5: 3faab06a954c2a04039983f2c4a50d99
    sha256: 2c1b2e9755ce3102bca8d69e8f26e4f087ece73f50418186aee7c74bef8e1698
  category: main
  optional: false
- name: exceptiongroup
  version: 1.1.2
  manager: conda
  platform: osx-64
  dependencies:
    python: '>=3.7'
  url: https://conda.anaconda.org/conda-forge/noarch/exceptiongroup-1.1.2-pyhd8ed1ab_0.conda
  hash:
    md5: de4cb3384374e1411f0454edcf546cdb
    sha256: 7b23ea0169fa6e7c3a0867d96d9eacd312759f83e5d83ad0fcc93e85379c16ae
  category: main
  optional: false
- name: iniconfig
  version: 2.0.0
  manager: conda
  platform: osx-64
  dependencies:
    python: '>=3.7'
  url: https://conda.anaconda.org/conda-forge/noarch/iniconfig-2.0.0-pyhd8ed1ab_0.conda
  hash:
    md5: f800d2da156d08e289b14e87e43c1ae5
    sha256: 38740c939b668b36a50ef455b077e8015b8c9cf89860d421b3fff86048f49666
  category: main
  optional: false
- name: packaging
  version: '23.1'
  manager: conda
  platform: osx-64
  dependencies:
    python: '>=3.7'
  url: https://conda.anaconda.org/conda-forge/noarch/packaging-23.1-pyhd8ed1ab_0.conda
  hash:
    md5: 91cda59e66e1e4afe9476f8ef98f5c30
    sha256: ded536a96a00d45a693dbc2971bb688248324dadd129eddda2100e177583d768
  category: main
  optional: false
- name: pluggy
  version: 1.2.0
  manager: conda
  platform: osx-64
  dependencies:
    python: '>=3.8'
  url: https://conda.anaconda.org/conda-forge/noarch/pluggy-1.2.0-pyhd8ed1ab_0.conda
  hash:
    md5: 7263924c642d22e311d9e59b839f1b33
    sha256: ff1f70e0bd50693be7e2bad0efb2539f5dcc5ec4d638e787e703f28098e72de4
  category: main
  optional: false
- name: setuptools
  version: 68.0.0
  manager: conda
  platform: osx-64
  dependencies:
    python: '>=3.7'
  url: https://conda.anaconda.org/conda-forge/noarch/setuptools-68.0.0-pyhd8ed1ab_0.conda
  hash:
    md5: 5a7739d0f57ee64133c9d32e6507c46d
    sha256: 083a0913f5b56644051f31ac40b4eeea762a88c00aa12437817191b85a753cec
  category: main
  optional: false
- name: sortedcontainers
  version: 2.4.0
  manager: conda
  platform: osx-64
  dependencies:
    python: '>=2.7'
  url: https://conda.anaconda.org/conda-forge/noarch/sortedcontainers-2.4.0-pyhd8ed1ab_0.tar.bz2
  hash:
    md5: 6d6552722448103793743dabfbda532d
    sha256: 0cea408397d50c2afb2d25e987ebac4546ae11e549d65b1403d80dc368dfaaa6
  category: main
  optional: false
- name: tomli
  version: 2.0.1
  manager: conda
  platform: osx-64
  dependencies:
    python: '>=3.7'
  url: https://conda.anaconda.org/conda-forge/noarch/tomli-2.0.1-pyhd8ed1ab_0.tar.bz2
  hash:
    md5: 5844808ffab9ebdb694585b50ba02a96
    sha256: 4cd48aba7cd026d17e86886af48d0d2ebc67ed36f87f6534f4b67138f5a5a58f
  category: main
  optional: false
- name: wheel
  version: 0.40.0
  manager: conda
  platform: osx-64
  dependencies:
    python: '>=3.7'
  url: https://conda.anaconda.org/conda-forge/noarch/wheel-0.40.0-pyhd8ed1ab_0.conda
  hash:
    md5: 49bb0d9e60ce1db25e151780331bb5f3
    sha256: 79b4d29b0c004014a2abd5fc2c9fcd35cc6256222b960c2a317a27c4b0d8884d
  category: main
  optional: false
- name: hypothesis
  version: 6.80.1
  manager: conda
  platform: osx-64
  dependencies:
    setuptools: ''
    python: '>=3.8'
    click: '>=7.0'
    attrs: '>=19.2.0'
    sortedcontainers: '>=2.1.0,<3.0.0'
    exceptiongroup: '>=1.0.0rc8'
    backports.zoneinfo: '>=0.2.1'
  url: https://conda.anaconda.org/conda-forge/noarch/hypothesis-6.80.1-pyha770c72_0.conda
  hash:
    md5: 65bc5ef1f4089fb6239f42fe3acf30dc
    sha256: c47afd702fddb107849015846a75313ff8ec49cb450f6ed124af75395d657405
  category: main
  optional: false
- name: pip
  version: 23.1.2
  manager: conda
  platform: osx-64
  dependencies:
    python: '>=3.7'
    setuptools: ''
    wheel: ''
  url: https://conda.anaconda.org/conda-forge/noarch/pip-23.1.2-pyhd8ed1ab_0.conda
  hash:
    md5: 7288da0d36821349cf1126e8670292df
    sha256: 4fe1f47f6eac5b2635a622b6f985640bf835843c1d8d7ccbbae0f7d27cadec92
  category: main
  optional: false
- name: pytest
  version: 7.4.0
  manager: conda
  platform: osx-64
  dependencies:
    packaging: ''
    colorama: ''
    iniconfig: ''
    python: '>=3.7'
    exceptiongroup: '>=1.0.0rc8'
    tomli: '>=1.0.0'
    pluggy: '>=0.12,<2.0'
  url: https://conda.anaconda.org/conda-forge/noarch/pytest-7.4.0-pyhd8ed1ab_0.conda
  hash:
    md5: 3cfe9b9e958e7238a386933c75d190db
    sha256: 52b2eb4e8d0380d92d45643d0c9706725e691ce8404dab4c2db4aaf58e48a23c
  category: main
  optional: false
- name: ca-certificates
  version: 2023.5.7
  manager: conda
  platform: win-64
  dependencies: {}
  url: https://conda.anaconda.org/conda-forge/win-64/ca-certificates-2023.5.7-h56e8100_0.conda
  hash:
    md5: 604212634bd8c4d6f20d44b946e8eedb
    sha256: d0488a3e7a86cc11f8c847a7c12a5f1fb8567f05646faae78944807862f9d167
  category: main
  optional: false
- name: libexpat
  version: 2.5.0
  manager: conda
  platform: win-64
  dependencies: {}
  url: https://conda.anaconda.org/conda-forge/win-64/libexpat-2.5.0-h63175ca_1.conda
  hash:
    md5: 636cc3cbbd2e28bcfd2f73b2044aac2c
    sha256: 794b2a9be72f176a2767c299574d330ffb76b2ed75d7fd20bee3bbadce5886cf
  category: main
  optional: false
- name: python_abi
  version: '3.11'
  manager: conda
  platform: win-64
  dependencies: {}
  url: https://conda.anaconda.org/conda-forge/win-64/python_abi-3.11-3_cp311.conda
  hash:
    md5: fd1634ba85cfea9376e1fc02d6f592e9
    sha256: e042841d13274354d651a69a4f2589e9b46fd23b416368c9821bf3c6676f19d7
  category: main
  optional: false
- name: tzdata
  version: 2023c
  manager: conda
  platform: win-64
  dependencies: {}
  url: https://conda.anaconda.org/conda-forge/noarch/tzdata-2023c-h71feb2d_0.conda
  hash:
    md5: 939e3e74d8be4dac89ce83b20de2492a
    sha256: 0449138224adfa125b220154408419ec37c06b0b49f63c5954724325903ecf55
  category: main
  optional: false
- name: ucrt
  version: 10.0.22621.0
  manager: conda
  platform: win-64
  dependencies: {}
  url: https://conda.anaconda.org/conda-forge/win-64/ucrt-10.0.22621.0-h57928b3_0.tar.bz2
  hash:
    md5: 72608f6cd3e5898229c3ea16deb1ac43
    sha256: f29cdaf8712008f6b419b8b1a403923b00ab2504bfe0fb2ba8eb60e72d4f14c6
  category: main
  optional: false
- name: vc14_runtime
  version: 14.36.32532
  manager: conda
  platform: win-64
  dependencies:
    ucrt: '>=10.0.20348.0'
  url: https://conda.anaconda.org/conda-forge/win-64/vc14_runtime-14.36.32532-hfdfe4a8_17.conda
  hash:
    md5: 91c1ecaf3996889532fc0456178b1058
    sha256: e76986c555647347a0185e646ef65625dabed60da255f6b30367df8bd6dc6cd8
  category: main
  optional: false
- name: vc
  version: '14.3'
  manager: conda
  platform: win-64
  dependencies:
    vc14_runtime: '>=14.32.31332'
  url: https://conda.anaconda.org/conda-forge/win-64/vc-14.3-hb25d44b_17.conda
  hash:
    md5: 3de1829b26bd86cbb94a9959b313ceb6
    sha256: 687e54fec5281ed43c3cadbe221374e701dbcb3495ae7606be5d37370ea2d56a
  category: main
  optional: false
- name: vs2015_runtime
  version: 14.36.32532
  manager: conda
  platform: win-64
  dependencies:
    vc14_runtime: '>=14.36.32532'
  url: https://conda.anaconda.org/conda-forge/win-64/vs2015_runtime-14.36.32532-h05e6639_17.conda
  hash:
    md5: 4618046c39f7c81861e53ded842e738a
    sha256: 5ecbd731dc7f13762d67be0eadc47eb7f14713005e430d9b5fc680e965ac0f81
  category: main
  optional: false
- name: bzip2
  version: 1.0.8
  manager: conda
  platform: win-64
  dependencies:
    vc: '>=14.1,<15.0a0'
    vs2015_runtime: '>=14.16.27012'
  url: https://conda.anaconda.org/conda-forge/win-64/bzip2-1.0.8-h8ffe710_4.tar.bz2
  hash:
    md5: 7c03c66026944073040cb19a4f3ec3c9
    sha256: 5389dad4e73e4865bb485f460fc60b120bae74404003d457ecb1a62eb7abf0c1
  category: main
  optional: false
- name: libffi
  version: 3.4.2
  manager: conda
  platform: win-64
  dependencies:
    vc: '>=14.1,<15.0a0'
    vs2015_runtime: '>=14.16.27012'
  url: https://conda.anaconda.org/conda-forge/win-64/libffi-3.4.2-h8ffe710_5.tar.bz2
  hash:
    md5: 2c96d1b6915b408893f9472569dee135
    sha256: 1951ab740f80660e9bc07d2ed3aefb874d78c107264fd810f24a1a6211d4b1a5
  category: main
  optional: false
- name: libsqlite
  version: 3.42.0
  manager: conda
  platform: win-64
  dependencies:
    ucrt: '>=10.0.20348.0'
    vc: '>=14.2,<15'
    vc14_runtime: '>=14.29.30139'
  url: https://conda.anaconda.org/conda-forge/win-64/libsqlite-3.42.0-hcfcfb64_0.conda
  hash:
    md5: 9a71d93deb99cc09d8939d5235b5909a
    sha256: 70bc1fdb72de847807355c13144666d4f151894f9b141ee559f5d243bdf577e2
  category: main
  optional: false
- name: libzlib
  version: 1.2.13
  manager: conda
  platform: win-64
  dependencies:
    ucrt: '>=10.0.20348.0'
    vc: '>=14.2,<15'
    vc14_runtime: '>=14.29.30139'
  url: https://conda.anaconda.org/conda-forge/win-64/libzlib-1.2.13-hcfcfb64_5.conda
  hash:
    md5: 5fdb9c6a113b6b6cb5e517fd972d5f41
    sha256: c161822ee8130b71e08b6d282b9919c1de2c5274b29921a867bca0f7d30cad26
  category: main
  optional: false
- name: openssl
  version: 3.1.1
  manager: conda
  platform: win-64
  dependencies:
    ca-certificates: ''
    ucrt: '>=10.0.20348.0'
    vc: '>=14.2,<15'
    vc14_runtime: '>=14.29.30139'
  url: https://conda.anaconda.org/conda-forge/win-64/openssl-3.1.1-hcfcfb64_1.conda
  hash:
    md5: 1d913a5de46c6b2f7e4cfbd26b106b8b
    sha256: 4424486fb9a2aeaba912a8dd8a5b5cdb6fcd65d7708fd854e3ea27449bb352a3
  category: main
  optional: false
- name: tk
  version: 8.6.12
  manager: conda
  platform: win-64
  dependencies:
    vc: '>=14.1,<15'
    vs2015_runtime: '>=14.16.27033'
  url: https://conda.anaconda.org/conda-forge/win-64/tk-8.6.12-h8ffe710_0.tar.bz2
  hash:
    md5: c69a5047cc9291ae40afd4a1ad6f0c0f
    sha256: 087795090a99a1d397ef1ed80b4a01fabfb0122efb141562c168e3c0a76edba6
  category: main
  optional: false
- name: xz
  version: 5.2.6
  manager: conda
  platform: win-64
  dependencies:
    vc: '>=14.1,<15'
    vs2015_runtime: '>=14.16.27033'
  url: https://conda.anaconda.org/conda-forge/win-64/xz-5.2.6-h8d14728_0.tar.bz2
  hash:
    md5: 515d77642eaa3639413c6b1bc3f94219
    sha256: 54d9778f75a02723784dc63aff4126ff6e6749ba21d11a6d03c1f4775f269fe0
  category: main
  optional: false
- name: python
  version: 3.11.4
  manager: conda
  platform: win-64
  dependencies:
    bzip2: '>=1.0.8,<2.0a0'
    libexpat: '>=2.5.0,<3.0a0'
    libffi: '>=3.4,<4.0a0'
    libsqlite: '>=3.42.0,<4.0a0'
    libzlib: '>=1.2.13,<1.3.0a0'
    openssl: '>=3.1.1,<4.0a0'
    tk: '>=8.6.12,<8.7.0a0'
    tzdata: ''
    ucrt: '>=10.0.20348.0'
    vc: '>=14.2,<15'
    vc14_runtime: '>=14.29.30139'
    xz: '>=5.2.6,<6.0a0'
    pip: ''
  url: https://conda.anaconda.org/conda-forge/win-64/python-3.11.4-h2628c8c_0_cpython.conda
  hash:
    md5: 3187a32fba79e835f099ecea054026f4
    sha256: d43fa70a3549fea27d3993f79ba2584ec6d6fe2aaf6e5890847f974e89a744e0
  category: main
  optional: false
- name: attrs
  version: 23.1.0
  manager: conda
  platform: win-64
  dependencies:
    python: '>=3.7'
  url: https://conda.anaconda.org/conda-forge/noarch/attrs-23.1.0-pyh71513ae_1.conda
  hash:
    md5: 3edfead7cedd1ab4400a6c588f3e75f8
    sha256: 063639cd568f5c7a557b0fb1cc27f098598c0d8ff869088bfeb82934674f8821
  category: main
  optional: false
- name: backports.zoneinfo
  version: 0.2.1
  manager: conda
  platform: win-64
  dependencies:
    python: '>=3.11,<3.12.0a0'
    python_abi: 3.11.*
  url: https://conda.anaconda.org/conda-forge/win-64/backports.zoneinfo-0.2.1-py311h1ea47a8_7.tar.bz2
  hash:
    md5: 0a1982afb30e272f1fc4354bfb4863af
    sha256: d818d781d578266d45f69f2bccc91796a051294034bb58e6a2966b0d037283a1
  category: main
  optional: false
- name: colorama
  version: 0.4.6
  manager: conda
  platform: win-64
  dependencies:
    python: '>=3.7'
  url: https://conda.anaconda.org/conda-forge/noarch/colorama-0.4.6-pyhd8ed1ab_0.tar.bz2
  hash:
    md5: 3faab06a954c2a04039983f2c4a50d99
    sha256: 2c1b2e9755ce3102bca8d69e8f26e4f087ece73f50418186aee7c74bef8e1698
  category: main
  optional: false
- name: exceptiongroup
  version: 1.1.2
  manager: conda
  platform: win-64
  dependencies:
    python: '>=3.7'
  url: https://conda.anaconda.org/conda-forge/noarch/exceptiongroup-1.1.2-pyhd8ed1ab_0.conda
  hash:
    md5: de4cb3384374e1411f0454edcf546cdb
    sha256: 7b23ea0169fa6e7c3a0867d96d9eacd312759f83e5d83ad0fcc93e85379c16ae
  category: main
  optional: false
- name: iniconfig
  version: 2.0.0
  manager: conda
  platform: win-64
  dependencies:
    python: '>=3.7'
  url: https://conda.anaconda.org/conda-forge/noarch/iniconfig-2.0.0-pyhd8ed1ab_0.conda
  hash:
    md5: f800d2da156d08e289b14e87e43c1ae5
    sha256: 38740c939b668b36a50ef455b077e8015b8c9cf89860d421b3fff86048f49666
  category: main
  optional: false
- name: packaging
  version: '23.1'
  manager: conda
  platform: win-64
  dependencies:
    python: '>=3.7'
  url: https://conda.anaconda.org/conda-forge/noarch/packaging-23.1-pyhd8ed1ab_0.conda
  hash:
    md5: 91cda59e66e1e4afe9476f8ef98f5c30
    sha256: ded536a96a00d45a693dbc2971bb688248324dadd129eddda2100e177583d768
  category: main
  optional: false
- name: pluggy
  version: 1.2.0
  manager: conda
  platform: win-64
  dependencies:
    python: '>=3.8'
  url: https://conda.anaconda.org/conda-forge/noarch/pluggy-1.2.0-pyhd8ed1ab_0.conda
  hash:
    md5: 7263924c642d22e311d9e59b839f1b33
    sha256: ff1f70e0bd50693be7e2bad0efb2539f5dcc5ec4d638e787e703f28098e72de4
  category: main
  optional: false
- name: setuptools
  version: 68.0.0
  manager: conda
  platform: win-64
  dependencies:
    python: '>=3.7'
  url: https://conda.anaconda.org/conda-forge/noarch/setuptools-68.0.0-pyhd8ed1ab_0.conda
  hash:
    md5: 5a7739d0f57ee64133c9d32e6507c46d
    sha256: 083a0913f5b56644051f31ac40b4eeea762a88c00aa12437817191b85a753cec
  category: main
  optional: false
- name: sortedcontainers
  version: 2.4.0
  manager: conda
  platform: win-64
  dependencies:
    python: '>=2.7'
  url: https://conda.anaconda.org/conda-forge/noarch/sortedcontainers-2.4.0-pyhd8ed1ab_0.tar.bz2
  hash:
    md5: 6d6552722448103793743dabfbda532d
    sha256: 0cea408397d50c2afb2d25e987ebac4546ae11e549d65b1403d80dc368dfaaa6
  category: main
  optional: false
- name: tomli
  version: 2.0.1
  manager: conda
  platform: win-64
  dependencies:
    python: '>=3.7'
  url: https://conda.anaconda.org/conda-forge/noarch/tomli-2.0.1-pyhd8ed1ab_0.tar.bz2
  hash:
    md5: 5844808ffab9ebdb694585b50ba02a96
    sha256: 4cd48aba7cd026d17e86886af48d0d2ebc67ed36f87f6534f4b67138f5a5a58f
  category: main
  optional: false
- name: wheel
  version: 0.40.0
  manager: conda
  platform: win-64
  dependencies:
    python: '>=3.7'
  url: https://conda.anaconda.org/conda-forge/noarch/wheel-0.40.0-pyhd8ed1ab_0.conda
  hash:
    md5: 49bb0d9e60ce1db25e151780331bb5f3
    sha256: 79b4d29b0c004014a2abd5fc2c9fcd35cc6256222b960c2a317a27c4b0d8884d
  category: main
  optional: false
- name: click
  version: 8.1.4
  manager: conda
  platform: win-64
  dependencies:
    colorama: ''
    __win: ''
    python: '>=3.8'
  url: https://conda.anaconda.org/conda-forge/noarch/click-8.1.4-win_pyh7428d3b_0.conda
  hash:
    md5: efa9a4c3abc022b74ea3485d830432c9
    sha256: 1e7fe89aa3f18f501a672f229e19ddbbd560e5df29fe93b8f5a93ac76c50e8e7
  category: main
  optional: false
- name: pip
  version: 23.1.2
  manager: conda
  platform: win-64
  dependencies:
    python: '>=3.7'
    setuptools: ''
    wheel: ''
  url: https://conda.anaconda.org/conda-forge/noarch/pip-23.1.2-pyhd8ed1ab_0.conda
  hash:
    md5: 7288da0d36821349cf1126e8670292df
    sha256: 4fe1f47f6eac5b2635a622b6f985640bf835843c1d8d7ccbbae0f7d27cadec92
  category: main
  optional: false
- name: pytest
  version: 7.4.0
  manager: conda
  platform: win-64
  dependencies:
    packaging: ''
    colorama: ''
    iniconfig: ''
    python: '>=3.7'
    exceptiongroup: '>=1.0.0rc8'
    tomli: '>=1.0.0'
    pluggy: '>=0.12,<2.0'
  url: https://conda.anaconda.org/conda-forge/noarch/pytest-7.4.0-pyhd8ed1ab_0.conda
  hash:
    md5: 3cfe9b9e958e7238a386933c75d190db
    sha256: 52b2eb4e8d0380d92d45643d0c9706725e691ce8404dab4c2db4aaf58e48a23c
  category: main
  optional: false
- name: hypothesis
  version: 6.80.1
  manager: conda
  platform: win-64
  dependencies:
    setuptools: ''
    python: '>=3.8'
    click: '>=7.0'
    attrs: '>=19.2.0'
    sortedcontainers: '>=2.1.0,<3.0.0'
    exceptiongroup: '>=1.0.0rc8'
    backports.zoneinfo: '>=0.2.1'
  url: https://conda.anaconda.org/conda-forge/noarch/hypothesis-6.80.1-pyha770c72_0.conda
  hash:
    md5: 65bc5ef1f4089fb6239f42fe3acf30dc
    sha256: c47afd702fddb107849015846a75313ff8ec49cb450f6ed124af75395d657405
  category: main
  optional: false
